
Microsoft Visual Studio Solution File, Format Version 12.00
# Visual Studio Version 16
VisualStudioVersion = 16.0.32413.511
MinimumVisualStudioVersion = 10.0.40219.1
Project("{FAE04EC0-301F-11D3-BF4B-00C04F79EFBC}") = "HWA4", "HWA4\HWA4.csproj", "{50BDD937-9C57-4B09-A035-30F1833B831B}"
EndProject
Global
	GlobalSection(SolutionConfigurationPlatforms) = preSolution
		Debug|Any CPU = Debug|Any CPU
		Release|Any CPU = Release|Any CPU
	EndGlobalSection
	GlobalSection(ProjectConfigurationPlatforms) = postSolution
		{50BDD937-9C57-4B09-A035-30F1833B831B}.Debug|Any CPU.ActiveCfg = Debug|Any CPU
		{50BDD937-9C57-4B09-A035-30F1833B831B}.Debug|Any CPU.Build.0 = Debug|Any CPU
		{50BDD937-9C57-4B09-A035-30F1833B831B}.Release|Any CPU.ActiveCfg = Release|Any CPU
		{50BDD937-9C57-4B09-A035-30F1833B831B}.Release|Any CPU.Build.0 = Release|Any CPU
	EndGlobalSection
	GlobalSection(SolutionProperties) = preSolution
		HideSolutionNode = FALSE
	EndGlobalSection
	GlobalSection(ExtensibilityGlobals) = postSolution
		SolutionGuid = {ACAE7C53-1624-48B2-9C00-9ECB8EE9B20B}
	EndGlobalSection
EndGlobal
